
Microsoft Visual Studio Solution File, Format Version 12.00
# Visual Studio Version 16
VisualStudioVersion = 16.0.32228.343
MinimumVisualStudioVersion = 10.0.40219.1
Project("{9A19103F-16F7-4668-BE54-9A1E7A4F7556}") = "API", "API\API.csproj", "{21CCA9A1-9180-4FC4-AF0D-6455D4694FD0}"
EndProject
Project("{9A19103F-16F7-4668-BE54-9A1E7A4F7556}") = "Business", "Business\Business.csproj", "{17CF4D6F-9F5B-4FDC-8A26-C65DA3907601}"
EndProject
Project("{9A19103F-16F7-4668-BE54-9A1E7A4F7556}") = "DAL", "DAL\DAL.csproj", "{C43A94AF-8638-422C-91BC-656348B9C6EA}"
EndProject
Global
	GlobalSection(SolutionConfigurationPlatforms) = preSolution
		Debug|Any CPU = Debug|Any CPU
		Release|Any CPU = Release|Any CPU
	EndGlobalSection
	GlobalSection(ProjectConfigurationPlatforms) = postSolution
		{21CCA9A1-9180-4FC4-AF0D-6455D4694FD0}.Debug|Any CPU.ActiveCfg = Debug|Any CPU
		{21CCA9A1-9180-4FC4-AF0D-6455D4694FD0}.Debug|Any CPU.Build.0 = Debug|Any CPU
		{21CCA9A1-9180-4FC4-AF0D-6455D4694FD0}.Release|Any CPU.ActiveCfg = Release|Any CPU
		{21CCA9A1-9180-4FC4-AF0D-6455D4694FD0}.Release|Any CPU.Build.0 = Release|Any CPU
		{17CF4D6F-9F5B-4FDC-8A26-C65DA3907601}.Debug|Any CPU.ActiveCfg = Debug|Any CPU
		{17CF4D6F-9F5B-4FDC-8A26-C65DA3907601}.Debug|Any CPU.Build.0 = Debug|Any CPU
		{17CF4D6F-9F5B-4FDC-8A26-C65DA3907601}.Release|Any CPU.ActiveCfg = Release|Any CPU
		{17CF4D6F-9F5B-4FDC-8A26-C65DA3907601}.Release|Any CPU.Build.0 = Release|Any CPU
		{C43A94AF-8638-422C-91BC-656348B9C6EA}.Debug|Any CPU.ActiveCfg = Debug|Any CPU
		{C43A94AF-8638-422C-91BC-656348B9C6EA}.Debug|Any CPU.Build.0 = Debug|Any CPU
		{C43A94AF-8638-422C-91BC-656348B9C6EA}.Release|Any CPU.ActiveCfg = Release|Any CPU
		{C43A94AF-8638-422C-91BC-656348B9C6EA}.Release|Any CPU.Build.0 = Release|Any CPU
	EndGlobalSection
	GlobalSection(SolutionProperties) = preSolution
		HideSolutionNode = FALSE
	EndGlobalSection
	GlobalSection(ExtensibilityGlobals) = postSolution
		SolutionGuid = {553D9E0B-6091-4623-93FE-BC92A17F1F96}
	EndGlobalSection
EndGlobal
